
Microsoft Visual Studio Solution File, Format Version 12.00
# Visual Studio 15
VisualStudioVersion = 15.0.28010.2046
MinimumVisualStudioVersion = 10.0.40219.1
Project("{FAE04EC0-301F-11D3-BF4B-00C04F79EFBC}") = "DotNet_FixerIo", "DotNet_FixerIo\DotNet_FixerIo.csproj", "{038EE00E-7701-4B53-BCBE-F50451509C2C}"
EndProject
Global
	GlobalSection(SolutionConfigurationPlatforms) = preSolution
		Debug|Any CPU = Debug|Any CPU
		Release|Any CPU = Release|Any CPU
	EndGlobalSection
	GlobalSection(ProjectConfigurationPlatforms) = postSolution
		{038EE00E-7701-4B53-BCBE-F50451509C2C}.Debug|Any CPU.ActiveCfg = Debug|Any CPU
		{038EE00E-7701-4B53-BCBE-F50451509C2C}.Debug|Any CPU.Build.0 = Debug|Any CPU
		{038EE00E-7701-4B53-BCBE-F50451509C2C}.Release|Any CPU.ActiveCfg = Release|Any CPU
		{038EE00E-7701-4B53-BCBE-F50451509C2C}.Release|Any CPU.Build.0 = Release|Any CPU
	EndGlobalSection
	GlobalSection(SolutionProperties) = preSolution
		HideSolutionNode = FALSE
	EndGlobalSection
	GlobalSection(ExtensibilityGlobals) = postSolution
		SolutionGuid = {B80D5C2E-CCB3-4FF9-B83F-EDB124013F3A}
	EndGlobalSection
EndGlobal
